# This file is autogenerated, do not edit; changes may be undone by the next 'dep ensure'.


[[projects]]
  name = "cloud.google.com/go"
  packages = ["compute/metadata"]
  revision = "64a2037ec6be8a4b0c1d1f706ed35b428b989239"
  version = "v0.26.0"

[[projects]]
  branch = "master"
  name = "dmitri.shuralyov.com/text/kebabcase"
  packages = ["."]
  revision = "40e40b42552a9cb37d6e98f4ad31f63ae53ea43a"

[[projects]]
  name = "github.com/BurntSushi/toml"
  packages = ["."]
  revision = "b26d9c308763d68093482582cea63d69be07a0f0"
  version = "v0.3.0"

[[projects]]
  name = "github.com/Rican7/retry"
  packages = [
    ".",
    "backoff",
    "jitter",
    "strategy"
  ]
  revision = "28d17f812805614e76f170aa3c8698155ea8e019"
  version = "v0.1.0"

[[projects]]
  name = "github.com/ajg/form"
  packages = ["."]
  revision = "cc2954064ec9ea8d93917f0f87456e11d7b881ad"
  version = "v1.5"

[[projects]]
  branch = "master"
  name = "github.com/cockroachdb/cockroach-go"
  packages = ["crdb"]
  revision = "59c0560478b705bf9bd12f9252224a0fad7c87df"

[[projects]]
  name = "github.com/davecgh/go-spew"
  packages = ["spew"]
  revision = "346938d642f2ec3594ed81d874461961cd0faa76"
  version = "v1.1.0"

[[projects]]
  branch = "master"
  name = "github.com/dustin/go-humanize"
  packages = ["."]
  revision = "02af3965c54e8cacf948b97fef38925c4120652c"

[[projects]]
  name = "github.com/fatih/color"
  packages = ["."]
  revision = "5b77d2a35fb0ede96d138fc9a99f5c9b6aef11b4"
  version = "v1.7.0"

[[projects]]
  name = "github.com/fatih/structs"
  packages = ["."]
  revision = "a720dfa8df582c51dee1b36feabb906bde1588bd"
  version = "v1.0"

[[projects]]
  name = "github.com/fsnotify/fsnotify"
  packages = ["."]
  revision = "c2828203cd70a50dcccfb2761f8b1f8ceef9a8e9"
  version = "v1.4.7"

[[projects]]
  name = "github.com/ghodss/yaml"
  packages = ["."]
  revision = "0ca9ea5df5451ffdf184b4428c902747c2c11cd7"
  version = "v1.0.0"

[[projects]]
  name = "github.com/go-sql-driver/mysql"
  packages = ["."]
  revision = "a0583e0143b1624142adab07e0e97fe106d99561"
  version = "v1.3"

[[projects]]
  name = "github.com/gobuffalo/buffalo"
  packages = [
    ".",
    "binding",
    "middleware",
    "middleware/csrf",
    "middleware/i18n",
    "render",
    "servers",
    "worker"
  ]
  revision = "d1b8df27dc86ace226bb9ccec00dd018c697f26b"
  version = "v0.12.6"

[[projects]]
  name = "github.com/gobuffalo/envy"
  packages = ["."]
  revision = "3c96536452167a705ca5a70b831d3810e1e10452"
  version = "v1.6.4"

[[projects]]
  name = "github.com/gobuffalo/fizz"
  packages = [
    ".",
    "translators"
  ]
  revision = "f57f22e853fa196e6e0048979cedba8219fa41d1"
  version = "v1.0.8"

[[projects]]
  name = "github.com/gobuffalo/github_flavored_markdown"
  packages = ["."]
  revision = "6af65dcbf5386db0b8da50e160ff0fdda7ef1459"
  version = "v1.0.0"

[[projects]]
  name = "github.com/gobuffalo/makr"
  packages = ["."]
  revision = "e49ce02a5624694f76d243abdad76d7d95fe1909"
  version = "v1.1.4"

[[projects]]
  name = "github.com/gobuffalo/packr"
  packages = ["."]
  revision = "1aab5672bd385f2a7da18bffa961912e7642ea79"
  version = "v1.13.2"

[[projects]]
  name = "github.com/gobuffalo/plush"
  packages = [
    ".",
    "ast",
    "lexer",
    "parser",
    "token"
  ]
  revision = "621b4e90d1ccbbbcb80e1c6c6e01453121973055"
  version = "v3.7.16"

[[projects]]
  name = "github.com/gobuffalo/pop"
  packages = [
    ".",
    "associations",
    "columns",
    "fix",
    "nulls"
  ]
  revision = "97cff086dceb9022215125efd32320e4e9581137"
  version = "v4.6.6"

[[projects]]
  name = "github.com/gobuffalo/suite"
  packages = [
    ".",
    "fix"
  ]
  revision = "641f116615be2bca5259eea0b7f06740c668dd5e"
  version = "v2.1.5"

[[projects]]
  name = "github.com/gobuffalo/tags"
  packages = [
    ".",
    "form",
    "form/bootstrap"
  ]
  revision = "0e9ca016e3c1b995c9b4119e7d14acb4fa8139e6"
  version = "v2.0.9"

[[projects]]
  name = "github.com/gobuffalo/uuid"
  packages = ["."]
  revision = "3a9fb6c5c481d4886f1e9323c61ad743fb955860"
  version = "v2.0.0"

[[projects]]
  name = "github.com/gobuffalo/validate"
  packages = [
    ".",
    "validators"
  ]
  revision = "42d8db6e06e617cdedcc7a849d6690a2cb5a8d28"
  version = "v2.0.0"

[[projects]]
  branch = "master"
  name = "github.com/gobuffalo/x"
  packages = ["httpx"]
  revision = "11ca13c05abd73167c56ed10f8874c7c7497f759"

[[projects]]
  name = "github.com/gogo/protobuf"
  packages = [
    "proto",
    "sortkeys"
  ]
  revision = "636bf0302bc95575d69441b25a2603156ffdddf1"
  version = "v1.1.1"

[[projects]]
  branch = "master"
  name = "github.com/golang/glog"
  packages = ["."]
  revision = "23def4e6c14b4da8ac2ed8007337bc5eb5007998"

[[projects]]
  name = "github.com/golang/protobuf"
  packages = [
    "proto",
    "ptypes",
    "ptypes/any",
    "ptypes/duration",
    "ptypes/timestamp"
  ]
  revision = "b4deda0973fb4c70b50d226b1af49f3da59f5265"
  version = "v1.1.0"

[[projects]]
  branch = "master"
  name = "github.com/google/btree"
  packages = ["."]
  revision = "4030bb1f1f0c35b30ca7009e9ebd06849dd45306"

[[projects]]
  branch = "master"
  name = "github.com/google/gofuzz"
  packages = ["."]
  revision = "24818f796faf91cd76ec7bddd72458fbced7a6c1"

[[projects]]
  name = "github.com/googleapis/gnostic"
  packages = [
    "OpenAPIv2",
    "compiler",
    "extensions"
  ]
  revision = "7c663266750e7d82587642f65e60bc4083f1f84e"
  version = "v0.2.0"

[[projects]]
  name = "github.com/gorilla/context"
  packages = ["."]
  revision = "08b5f424b9271eedf6f9f0ce86cb9396ed337a42"
  version = "v1.1.1"

[[projects]]
  name = "github.com/gorilla/mux"
  packages = ["."]
  revision = "e3702bed27f0d39777b0b37b664b6280e8ef8fbf"
  version = "v1.6.2"

[[projects]]
  name = "github.com/gorilla/securecookie"
  packages = ["."]
  revision = "e59506cc896acb7f7bf732d4fdf5e25f7ccd8983"
  version = "v1.1.1"

[[projects]]
  name = "github.com/gorilla/sessions"
  packages = ["."]
  revision = "03b6f63cc43ef9c7240a635a5e22b13180e822b8"
  version = "v1.1.1"

[[projects]]
  branch = "master"
  name = "github.com/gregjones/httpcache"
  packages = [
    ".",
    "diskcache"
  ]
  revision = "9cad4c3443a7200dd6400aef47183728de563a38"

[[projects]]
  name = "github.com/imdario/mergo"
  packages = ["."]
  revision = "9f23e2d6bd2a77f959b2bf6acdbefd708a83a4a4"
  version = "v0.3.6"

[[projects]]
  branch = "master"
  name = "github.com/jmoiron/sqlx"
  packages = [
    ".",
    "reflectx"
  ]
  revision = "2aeb6a910c2b94f2d5eb53d9895d80e27264ec41"

[[projects]]
  name = "github.com/joho/godotenv"
  packages = ["."]
  revision = "a79fa1e548e2c689c241d10173efd51e5d689d5b"
  version = "v1.2.0"

[[projects]]
  name = "github.com/json-iterator/go"
  packages = ["."]
  revision = "1624edc4454b8682399def8740d46db5e4362ba4"
  version = "1.1.5"

[[projects]]
  branch = "master"
  name = "github.com/lib/pq"
  packages = [
    ".",
    "oid"
  ]
  revision = "d34b9ff171c21ad295489235aec8b6626023cd04"

[[projects]]
  branch = "master"
  name = "github.com/markbates/going"
  packages = [
    "defaults",
    "randx",
    "wait"
  ]
  revision = "0576708c56cea02331f864fe6e157ac7841923e4"

[[projects]]
  name = "github.com/markbates/grift"
  packages = ["grift"]
  revision = "bfa82f28000853ecabc67a59777bf84bb373634d"
  version = "v1.0.1"

[[projects]]
  branch = "master"
  name = "github.com/markbates/hmax"
  packages = ["."]
  revision = "800e180dcd16937a4cc134c6aa8c8407e62ce880"

[[projects]]
  name = "github.com/markbates/inflect"
  packages = ["."]
  revision = "dd7de90c06bca70f18136e59dec2270c19a401e7"
  version = "v1.0.0"

[[projects]]
  name = "github.com/markbates/refresh"
  packages = [
    "refresh",
    "refresh/web"
  ]
  revision = "6ba3a27fe1c9168fc9610879f784aa37f4f27977"
  version = "v1.4.2"

[[projects]]
  name = "github.com/markbates/sigtx"
  packages = ["."]
  revision = "daa2e5f08161c569ca3d938d70750ccd038daf16"
  version = "v1.0.0"

[[projects]]
  branch = "master"
  name = "github.com/markbates/willie"
  packages = ["."]
  revision = "67934945178ed6f7799c3a001e2dde57315558c2"

[[projects]]
  name = "github.com/mattn/go-colorable"
  packages = ["."]
  revision = "167de6bfdfba052fa6b2d3664c8f5272e23c9072"
  version = "v0.0.9"

[[projects]]
  name = "github.com/mattn/go-isatty"
  packages = ["."]
  revision = "0360b2af4f38e8d38c7fce2a9f4e702702d73a39"
  version = "v0.0.3"

[[projects]]
  name = "github.com/mattn/go-sqlite3"
  packages = ["."]
  revision = "6c771bb9887719704b210e87e934f08be014bdb1"
  version = "v1.6.0"

[[projects]]
  branch = "master"
  name = "github.com/microcosm-cc/bluemonday"
  packages = ["."]
  revision = "995366fdf961d03629cd17361bddd32745718e2c"

[[projects]]
  branch = "master"
  name = "github.com/mitchellh/go-homedir"
  packages = ["."]
  revision = "b8bc1bf767474819792c23f32d8286a45736f1c6"

[[projects]]
  name = "github.com/modern-go/concurrent"
  packages = ["."]
  revision = "bacd9c7ef1dd9b15be4a9909b8ac7a4e313eec94"
  version = "1.0.3"

[[projects]]
  name = "github.com/modern-go/reflect2"
  packages = ["."]
  revision = "4b7aa43c6742a2c18fdef89dd197aaae7dac7ccd"
  version = "1.0.1"

[[projects]]
  name = "github.com/monoculum/formam"
  packages = ["."]
  revision = "99ca9dcbaca6d91e9665f817d0da23af6184ced3"
  version = "v3.0"

[[projects]]
  name = "github.com/nicksnyder/go-i18n"
  packages = [
    "i18n",
    "i18n/bundle",
    "i18n/language",
    "i18n/translation"
  ]
  revision = "0dc1626d56435e9d605a29875701721c54bc9bbd"
  version = "v1.10.0"

[[projects]]
  name = "github.com/onsi/gomega"
  packages = [
    ".",
    "format",
    "internal/assertion",
    "internal/asyncassertion",
    "internal/oraclematcher",
    "internal/testingtsupport",
    "matchers",
    "matchers/support/goraph/bipartitegraph",
    "matchers/support/goraph/edge",
    "matchers/support/goraph/node",
    "matchers/support/goraph/util",
    "types"
  ]
  revision = "b6ea1ea48f981d0f615a154a45eabb9dd466556d"
  version = "v1.4.1"

[[projects]]
  name = "github.com/pelletier/go-toml"
  packages = ["."]
  revision = "acdc4509485b587f5e675510c4f2c63e90ff68a8"
  version = "v1.1.0"

[[projects]]
  branch = "master"
  name = "github.com/petar/GoLLRB"
  packages = ["llrb"]
  revision = "53be0d36a84c2a886ca057d34b6aa4468df9ccb4"

[[projects]]
  name = "github.com/peterbourgon/diskv"
  packages = ["."]
  revision = "5f041e8faa004a95c88a202771f4cc3e991971e6"
  version = "v2.0.1"

[[projects]]
  name = "github.com/pkg/errors"
  packages = ["."]
  revision = "645ef00459ed84a119197bfb8d8205042c6df63d"
  version = "v0.8.0"

[[projects]]
  name = "github.com/pmezard/go-difflib"
  packages = ["difflib"]
  revision = "792786c7400a136282c1664665ae0a8db921c6c2"
  version = "v1.0.0"

[[projects]]
  branch = "master"
  name = "github.com/serenize/snaker"
  packages = ["."]
  revision = "a683aaf2d516deecd70cad0c72e3ca773ecfcef0"

[[projects]]
  name = "github.com/sergi/go-diff"
  packages = ["diffmatchpatch"]
  revision = "1744e2970ca51c86172c8190fadad617561ed6e7"
  version = "v1.0.0"

[[projects]]
  branch = "master"
  name = "github.com/shurcooL/go"
  packages = [
    "parserutil",
    "printerutil",
    "reflectfind",
    "reflectsource"
  ]
  revision = "9e1955d9fb6e1ee2345ba1f5e71669263e719e27"

[[projects]]
  branch = "master"
  name = "github.com/shurcooL/go-goon"
  packages = ["."]
  revision = "37c2f522c041b74919a9e5e3a6c5c47eb34730a5"

[[projects]]
  branch = "master"
  name = "github.com/shurcooL/graphql"
  packages = ["ident"]
  revision = "62c9ce094e75302d560f7adcdf16c06d05aaa958"

[[projects]]
  branch = "master"
  name = "github.com/shurcooL/highlight_diff"
  packages = ["."]
  revision = "09bb4053de1b1d872a9f25dc21378fa71dca4e4e"

[[projects]]
  branch = "master"
  name = "github.com/shurcooL/highlight_go"
  packages = ["."]
  revision = "78fb10f4a5f89e812a5e26ab723b954a51226086"

[[projects]]
  branch = "master"
  name = "github.com/shurcooL/octicon"
  packages = ["."]
  revision = "c42b0e3b24d96976ecac81ef691662777b39ef64"

[[projects]]
  branch = "master"
  name = "github.com/shurcooL/sanitized_anchor_name"
  packages = ["."]
  revision = "86672fcb3f950f35f2e675df2240550f2a50762f"

[[projects]]
  name = "github.com/sirupsen/logrus"
  packages = ["."]
  revision = "3e01752db0189b9157070a0e1668a620f9a85da2"
  version = "v1.0.6"

[[projects]]
  branch = "master"
  name = "github.com/sourcegraph/annotate"
  packages = ["."]
  revision = "f4cad6c6324d3f584e1743d8b3e0e017a5f3a636"

[[projects]]
  branch = "master"
  name = "github.com/sourcegraph/syntaxhighlight"
  packages = ["."]
  revision = "bd320f5d308e1a3c4314c678d8227a0d72574ae7"

[[projects]]
  name = "github.com/spf13/pflag"
  packages = ["."]
  revision = "9a97c102cda95a86cec2345a6f09f55a939babf5"
  version = "v1.0.2"

[[projects]]
  name = "github.com/stretchr/testify"
  packages = [
    "assert",
    "require",
    "suite"
  ]
  revision = "12b6f73e6084dad08a7c6e575284b177ecafbc71"
  version = "v1.2.1"

[[projects]]
  branch = "master"
  name = "golang.org/x/crypto"
  packages = [
    "bcrypt",
    "blowfish",
    "ssh/terminal"
  ]
  revision = "1a580b3eff7814fc9b40602fd35256c63b50f491"

[[projects]]
  branch = "master"
  name = "golang.org/x/net"
  packages = [
    "context",
    "context/ctxhttp",
    "html",
    "html/atom",
    "html/charset",
    "http/httpguts",
    "http2",
    "http2/hpack",
    "idna"
  ]
  revision = "57065200b4b034a1c8ad54ff77069408c2218ae6"

[[projects]]
  branch = "master"
  name = "golang.org/x/oauth2"
  packages = [
    ".",
    "google",
    "internal",
    "jws",
    "jwt"
  ]
  revision = "3d292e4d0cdc3a0113e6d207bb137145ef1de42f"

[[projects]]
  branch = "master"
  name = "golang.org/x/sync"
  packages = ["errgroup"]
  revision = "1d60e4601c6fd243af51cc01ddf169918a5407ca"

[[projects]]
  branch = "master"
  name = "golang.org/x/sys"
  packages = [
    "unix",
    "windows"
  ]
  revision = "7c87d13f8e835d2fb3a70a2912c811ed0c1d241b"

[[projects]]
  name = "golang.org/x/text"
  packages = [
    "collate",
    "collate/build",
    "encoding",
    "encoding/charmap",
    "encoding/htmlindex",
    "encoding/internal",
    "encoding/internal/identifier",
    "encoding/japanese",
    "encoding/korean",
    "encoding/simplifiedchinese",
    "encoding/traditionalchinese",
    "encoding/unicode",
    "internal/colltab",
    "internal/gen",
    "internal/tag",
    "internal/triegen",
    "internal/ucd",
    "internal/utf8internal",
    "language",
    "runes",
    "secure/bidirule",
    "transform",
    "unicode/bidi",
    "unicode/cldr",
    "unicode/norm",
    "unicode/rangetable"
  ]
  revision = "f21a4dfb5e38f5895301dc265a8def02365cc3d0"
  version = "v0.3.0"

[[projects]]
  branch = "master"
  name = "golang.org/x/time"
  packages = ["rate"]
  revision = "fbb02b2291d28baffd63558aa44b4b56f178d650"

[[projects]]
  branch = "master"
  name = "google.golang.org/api"
  packages = [
    "compute/v1",
    "dns/v1",
    "gensupport",
    "googleapi",
    "googleapi/internal/uritemplates"
  ]
  revision = "e21acd801f91da814261b938941d193bb036441a"

[[projects]]
  name = "google.golang.org/appengine"
  packages = [
    ".",
    "internal",
    "internal/app_identity",
    "internal/base",
    "internal/datastore",
    "internal/log",
    "internal/modules",
    "internal/remote_api",
    "internal/urlfetch",
    "urlfetch"
  ]
  revision = "b1f26356af11148e710935ed1ac8a7f5702c7612"
  version = "v1.1.0"

[[projects]]
  name = "gopkg.in/inf.v0"
  packages = ["."]
  revision = "d2d2541c53f18d2a059457998ce2876cc8e67cbf"
  version = "v0.9.1"

[[projects]]
  name = "gopkg.in/russross/blackfriday.v1"
  packages = ["."]
  revision = "55d61fa8aa702f59229e6cff85793c22e580eaf5"
  version = "v1.5.1"

[[projects]]
  name = "gopkg.in/yaml.v2"
  packages = ["."]
  revision = "5420a8b6744d3b0345ab293f6fcba19c978f1183"
  version = "v2.2.1"

[[projects]]
  branch = "master"
  name = "k8s.io/api"
  packages = [
    "admissionregistration/v1alpha1",
    "admissionregistration/v1beta1",
    "apps/v1",
    "apps/v1beta1",
    "apps/v1beta2",
    "authentication/v1",
    "authentication/v1beta1",
    "authorization/v1",
    "authorization/v1beta1",
    "autoscaling/v1",
    "autoscaling/v2beta1",
    "batch/v1",
    "batch/v1beta1",
    "batch/v2alpha1",
    "certificates/v1beta1",
    "coordination/v1beta1",
    "core/v1",
    "events/v1beta1",
    "extensions/v1beta1",
    "networking/v1",
    "policy/v1beta1",
    "rbac/v1",
    "rbac/v1alpha1",
    "rbac/v1beta1",
    "scheduling/v1alpha1",
    "scheduling/v1beta1",
    "settings/v1alpha1",
    "storage/v1",
    "storage/v1alpha1",
    "storage/v1beta1"
  ]
  revision = "2315b41a07e851014d77070954fc391a9b2d9aa9"

[[projects]]
  branch = "master"
  name = "k8s.io/apimachinery"
  packages = [
    "pkg/api/errors",
    "pkg/api/meta",
    "pkg/api/resource",
    "pkg/apis/meta/v1",
    "pkg/apis/meta/v1/unstructured",
    "pkg/apis/meta/v1beta1",
    "pkg/conversion",
    "pkg/conversion/queryparams",
    "pkg/fields",
    "pkg/labels",
    "pkg/runtime",
    "pkg/runtime/schema",
    "pkg/runtime/serializer",
    "pkg/runtime/serializer/json",
    "pkg/runtime/serializer/protobuf",
    "pkg/runtime/serializer/recognizer",
    "pkg/runtime/serializer/streaming",
    "pkg/runtime/serializer/versioning",
    "pkg/selection",
    "pkg/types",
    "pkg/util/clock",
    "pkg/util/errors",
    "pkg/util/framer",
    "pkg/util/intstr",
    "pkg/util/json",
    "pkg/util/naming",
    "pkg/util/net",
    "pkg/util/runtime",
    "pkg/util/sets",
    "pkg/util/validation",
    "pkg/util/validation/field",
    "pkg/util/yaml",
    "pkg/version",
    "pkg/watch",
    "third_party/forked/golang/reflect"
  ]
  revision = "96c5a2b154a12e0ff9830aedfd19f6d0780b79f6"

[[projects]]
  branch = "master"
  name = "k8s.io/client-go"
  packages = [
    "discovery",
    "dynamic",
    "kubernetes",
    "kubernetes/scheme",
    "kubernetes/typed/admissionregistration/v1alpha1",
    "kubernetes/typed/admissionregistration/v1beta1",
    "kubernetes/typed/apps/v1",
    "kubernetes/typed/apps/v1beta1",
    "kubernetes/typed/apps/v1beta2",
    "kubernetes/typed/authentication/v1",
    "kubernetes/typed/authentication/v1beta1",
    "kubernetes/typed/authorization/v1",
    "kubernetes/typed/authorization/v1beta1",
    "kubernetes/typed/autoscaling/v1",
    "kubernetes/typed/autoscaling/v2beta1",
    "kubernetes/typed/batch/v1",
    "kubernetes/typed/batch/v1beta1",
    "kubernetes/typed/batch/v2alpha1",
    "kubernetes/typed/certificates/v1beta1",
    "kubernetes/typed/coordination/v1beta1",
    "kubernetes/typed/core/v1",
    "kubernetes/typed/events/v1beta1",
    "kubernetes/typed/extensions/v1beta1",
    "kubernetes/typed/networking/v1",
    "kubernetes/typed/policy/v1beta1",
    "kubernetes/typed/rbac/v1",
    "kubernetes/typed/rbac/v1alpha1",
    "kubernetes/typed/rbac/v1beta1",
    "kubernetes/typed/scheduling/v1alpha1",
    "kubernetes/typed/scheduling/v1beta1",
    "kubernetes/typed/settings/v1alpha1",
    "kubernetes/typed/storage/v1",
    "kubernetes/typed/storage/v1alpha1",
    "kubernetes/typed/storage/v1beta1",
    "pkg/apis/clientauthentication",
    "pkg/apis/clientauthentication/v1alpha1",
    "pkg/apis/clientauthentication/v1beta1",
    "pkg/version",
    "plugin/pkg/client/auth/exec",
    "plugin/pkg/client/auth/gcp",
    "rest",
    "rest/watch",
    "third_party/forked/golang/template",
    "tools/auth",
    "tools/clientcmd",
    "tools/clientcmd/api",
    "tools/clientcmd/api/latest",
    "tools/clientcmd/api/v1",
    "tools/metrics",
    "tools/reference",
    "transport",
    "util/cert",
    "util/connrotation",
    "util/flowcontrol",
    "util/homedir",
    "util/integer",
    "util/jsonpath"
  ]
  revision = "b53d9ecf53bb31a3f7c94b884c9d36906ecead10"

[solve-meta]
  analyzer-name = "dep"
  analyzer-version = 1
  inputs-digest = "35f9173df82b9e98703180efb6ec70c3e00fd49723c33ed1dfd971b65b2a00c9"
  solver-name = "gps-cdcl"
  solver-version = 1
